// !$*UTF8*$!
{
	archiveVersion = 1;
	classes = {
	};
	objectVersion = 55;
	objects = {

/* Begin PBXBuildFile section */
		BD5CC00B286B8FBC00FE7575 /* AppDelegate.swift in Sources */ = {isa = PBXBuildFile; fileRef = BD5CC00A286B8FBC00FE7575 /* AppDelegate.swift */; };
		BD5CC00D286B8FBC00FE7575 /* SceneDelegate.swift in Sources */ = {isa = PBXBuildFile; fileRef = BD5CC00C286B8FBC00FE7575 /* SceneDelegate.swift */; };
		BD5CC00F286B8FBC00FE7575 /* ViewController.swift in Sources */ = {isa = PBXBuildFile; fileRef = BD5CC00E286B8FBC00FE7575 /* ViewController.swift */; };
		BD5CC012286B8FBC00FE7575 /* Main.storyboard in Resources */ = {isa = PBXBuildFile; fileRef = BD5CC010286B8FBC00FE7575 /* Main.storyboard */; };
		BD5CC015286B8FBC00FE7575 /* empowerHour.xcdatamodeld in Sources */ = {isa = PBXBuildFile; fileRef = BD5CC013286B8FBC00FE7575 /* empowerHour.xcdatamodeld */; };
		BD5CC017286B8FBD00FE7575 /* Assets.xcassets in Resources */ = {isa = PBXBuildFile; fileRef = BD5CC016286B8FBD00FE7575 /* Assets.xcassets */; };
		BD5CC01A286B8FBD00FE7575 /* LaunchScreen.storyboard in Resources */ = {isa = PBXBuildFile; fileRef = BD5CC018286B8FBD00FE7575 /* LaunchScreen.storyboard */; };
		BD5CC022286E0B1B00FE7575 /* dearMartinViewController.swift in Sources */ = {isa = PBXBuildFile; fileRef = BD5CC021286E0B1B00FE7575 /* dearMartinViewController.swift */; };
		BD5CC024286E0C1F00FE7575 /* yesSheCanViewController.swift in Sources */ = {isa = PBXBuildFile; fileRef = BD5CC023286E0C1F00FE7575 /* yesSheCanViewController.swift */; };
		BD70A2F6286CF87C00538884 /* ChildrensElementaryBooksViewController.swift in Sources */ = {isa = PBXBuildFile; fileRef = BD70A2F5286CF87C00538884 /* ChildrensElementaryBooksViewController.swift */; };
		BD70A2F8286CFAB300538884 /* TeensBooksViewController.swift in Sources */ = {isa = PBXBuildFile; fileRef = BD70A2F7286CFAB300538884 /* TeensBooksViewController.swift */; };
		BD70A2FA286CFAE800538884 /* YoungAdultsBooksViewController.swift in Sources */ = {isa = PBXBuildFile; fileRef = BD70A2F9286CFAE800538884 /* YoungAdultsBooksViewController.swift */; };
		BD70A2FC286CFB6A00538884 /* EducatorsBooksViewController.swift in Sources */ = {isa = PBXBuildFile; fileRef = BD70A2FB286CFB6A00538884 /* EducatorsBooksViewController.swift */; };
/* End PBXBuildFile section */

/* Begin PBXFileReference section */
		BD5CC007286B8FBC00FE7575 /* empowerHour.app */ = {isa = PBXFileReference; explicitFileType = wrapper.application; includeInIndex = 0; path = empowerHour.app; sourceTree = BUILT_PRODUCTS_DIR; };
		BD5CC00A286B8FBC00FE7575 /* AppDelegate.swift */ = {isa = PBXFileReference; lastKnownFileType = sourcecode.swift; path = AppDelegate.swift; sourceTree = "<group>"; };
		BD5CC00C286B8FBC00FE7575 /* SceneDelegate.swift */ = {isa = PBXFileReference; lastKnownFileType = sourcecode.swift; path = SceneDelegate.swift; sourceTree = "<group>"; };
		BD5CC00E286B8FBC00FE7575 /* ViewController.swift */ = {isa = PBXFileReference; lastKnownFileType = sourcecode.swift; path = ViewController.swift; sourceTree = "<group>"; };
		BD5CC011286B8FBC00FE7575 /* Base */ = {isa = PBXFileReference; lastKnownFileType = file.storyboard; name = Base; path = Base.lproj/Main.storyboard; sourceTree = "<group>"; };
		BD5CC014286B8FBC00FE7575 /* empowerHour.xcdatamodel */ = {isa = PBXFileReference; lastKnownFileType = wrapper.xcdatamodel; path = empowerHour.xcdatamodel; sourceTree = "<group>"; };
		BD5CC016286B8FBD00FE7575 /* Assets.xcassets */ = {isa = PBXFileReference; lastKnownFileType = folder.assetcatalog; path = Assets.xcassets; sourceTree = "<group>"; };
		BD5CC019286B8FBD00FE7575 /* Base */ = {isa = PBXFileReference; lastKnownFileType = file.storyboard; name = Base; path = Base.lproj/LaunchScreen.storyboard; sourceTree = "<group>"; };
		BD5CC01B286B8FBD00FE7575 /* Info.plist */ = {isa = PBXFileReference; lastKnownFileType = text.plist.xml; path = Info.plist; sourceTree = "<group>"; };
		BD5CC021286E0B1B00FE7575 /* dearMartinViewController.swift */ = {isa = PBXFileReference; lastKnownFileType = sourcecode.swift; path = dearMartinViewController.swift; sourceTree = "<group>"; };
		BD5CC023286E0C1F00FE7575 /* yesSheCanViewController.swift */ = {isa = PBXFileReference; lastKnownFileType = sourcecode.swift; path = yesSheCanViewController.swift; sourceTree = "<group>"; };
		BD70A2F5286CF87C00538884 /* ChildrensElementaryBooksViewController.swift */ = {isa = PBXFileReference; lastKnownFileType = sourcecode.swift; path = ChildrensElementaryBooksViewController.swift; sourceTree = "<group>"; };
		BD70A2F7286CFAB300538884 /* TeensBooksViewController.swift */ = {isa = PBXFileReference; lastKnownFileType = sourcecode.swift; path = TeensBooksViewController.swift; sourceTree = "<group>"; };
		BD70A2F9286CFAE800538884 /* YoungAdultsBooksViewController.swift */ = {isa = PBXFileReference; lastKnownFileType = sourcecode.swift; path = YoungAdultsBooksViewController.swift; sourceTree = "<group>"; };
		BD70A2FB286CFB6A00538884 /* EducatorsBooksViewController.swift */ = {isa = PBXFileReference; lastKnownFileType = sourcecode.swift; path = EducatorsBooksViewController.swift; sourceTree = "<group>"; };
/* End PBXFileReference section */

/* Begin PBXFrameworksBuildPhase section */
		BD5CC004286B8FBC00FE7575 /* Frameworks */ = {
			isa = PBXFrameworksBuildPhase;
			buildActionMask = 2147483647;
			files = (
			);
			runOnlyForDeploymentPostprocessing = 0;
		};
/* End PBXFrameworksBuildPhase section */

/* Begin PBXGroup section */
		BD5CBFFE286B8FBC00FE7575 = {
			isa = PBXGroup;
			children = (
				BD5CC023286E0C1F00FE7575 /* yesSheCanViewController.swift */,
				BD5CC021286E0B1B00FE7575 /* dearMartinViewController.swift */,
				BD5CC009286B8FBC00FE7575 /* empowerHour */,
				BD5CC008286B8FBC00FE7575 /* Products */,
			);
			sourceTree = "<group>";
		};
		BD5CC008286B8FBC00FE7575 /* Products */ = {
			isa = PBXGroup;
			children = (
				BD5CC007286B8FBC00FE7575 /* empowerHour.app */,
			);
			name = Products;
			sourceTree = "<group>";
		};
		BD5CC009286B8FBC00FE7575 /* empowerHour */ = {
			isa = PBXGroup;
			children = (
				BD5CC00A286B8FBC00FE7575 /* AppDelegate.swift */,
				BD5CC00C286B8FBC00FE7575 /* SceneDelegate.swift */,
				BD5CC00E286B8FBC00FE7575 /* ViewController.swift */,
				BD5CC010286B8FBC00FE7575 /* Main.storyboard */,
				BD70A2FB286CFB6A00538884 /* EducatorsBooksViewController.swift */,
				BD70A2F9286CFAE800538884 /* YoungAdultsBooksViewController.swift */,
				BD70A2F7286CFAB300538884 /* TeensBooksViewController.swift */,
				BD70A2F5286CF87C00538884 /* ChildrensElementaryBooksViewController.swift */,
				BD5CC016286B8FBD00FE7575 /* Assets.xcassets */,
				BD5CC018286B8FBD00FE7575 /* LaunchScreen.storyboard */,
				BD5CC01B286B8FBD00FE7575 /* Info.plist */,
				BD5CC013286B8FBC00FE7575 /* empowerHour.xcdatamodeld */,
			);
			path = empowerHour;
			sourceTree = "<group>";
		};
/* End PBXGroup section */

/* Begin PBXNativeTarget section */
		BD5CC006286B8FBC00FE7575 /* empowerHour */ = {
			isa = PBXNativeTarget;
			buildConfigurationList = BD5CC01E286B8FBD00FE7575 /* Build configuration list for PBXNativeTarget "empowerHour" */;
			buildPhases = (
				BD5CC003286B8FBC00FE7575 /* Sources */,
				BD5CC004286B8FBC00FE7575 /* Frameworks */,
				BD5CC005286B8FBC00FE7575 /* Resources */,
			);
			buildRules = (
			);
			dependencies = (
			);
			name = empowerHour;
			productName = empowerHour;
			productReference = BD5CC007286B8FBC00FE7575 /* empowerHour.app */;
			productType = "com.apple.product-type.application";
		};
/* End PBXNativeTarget section */

/* Begin PBXProject section */
		BD5CBFFF286B8FBC00FE7575 /* Project object */ = {
			isa = PBXProject;
			attributes = {
				BuildIndependentTargetsInParallel = 1;
				LastSwiftUpdateCheck = 1340;
				LastUpgradeCheck = 1340;
				TargetAttributes = {
					BD5CC006286B8FBC00FE7575 = {
						CreatedOnToolsVersion = 13.4.1;
					};
				};
			};
			buildConfigurationList = BD5CC002286B8FBC00FE7575 /* Build configuration list for PBXProject "empowerHour" */;
			compatibilityVersion = "Xcode 13.0";
			developmentRegion = en;
			hasScannedForEncodings = 0;
			knownRegions = (
				en,
				Base,
			);
			mainGroup = BD5CBFFE286B8FBC00FE7575;
			productRefGroup = BD5CC008286B8FBC00FE7575 /* Products */;
			projectDirPath = "";
			projectRoot = "";
			targets = (
				BD5CC006286B8FBC00FE7575 /* empowerHour */,
			);
		};
/* End PBXProject section */

/* Begin PBXResourcesBuildPhase section */
		BD5CC005286B8FBC00FE7575 /* Resources */ = {
			isa = PBXResourcesBuildPhase;
			buildActionMask = 2147483647;
			files = (
				BD5CC01A286B8FBD00FE7575 /* LaunchScreen.storyboard in Resources */,
				BD5CC017286B8FBD00FE7575 /* Assets.xcassets in Resources */,
				BD5CC012286B8FBC00FE7575 /* Main.storyboard in Resources */,
			);
			runOnlyForDeploymentPostprocessing = 0;
		};
/* End PBXResourcesBuildPhase section */

/* Begin PBXSourcesBuildPhase section */
		BD5CC003286B8FBC00FE7575 /* Sources */ = {
			isa = PBXSourcesBuildPhase;
			buildActionMask = 2147483647;
			files = (
				BD5CC022286E0B1B00FE7575 /* dearMartinViewController.swift in Sources */,
				BD5CC00F286B8FBC00FE7575 /* ViewController.swift in Sources */,
				BD5CC015286B8FBC00FE7575 /* empowerHour.xcdatamodeld in Sources */,
				BD70A2F6286CF87C00538884 /* ChildrensElementaryBooksViewController.swift in Sources */,
				BD5CC00B286B8FBC00FE7575 /* AppDelegate.swift in Sources */,
				BD70A2FC286CFB6A00538884 /* EducatorsBooksViewController.swift in Sources */,
				BD70A2FA286CFAE800538884 /* YoungAdultsBooksViewController.swift in Sources */,
				BD5CC00D286B8FBC00FE7575 /* SceneDelegate.swift in Sources */,
				BD5CC024286E0C1F00FE7575 /* yesSheCanViewController.swift in Sources */,
				BD70A2F8286CFAB300538884 /* TeensBooksViewController.swift in Sources */,
			);
			runOnlyForDeploymentPostprocessing = 0;
		};
/* End PBXSourcesBuildPhase section */

/* Begin PBXVariantGroup section */
		BD5CC010286B8FBC00FE7575 /* Main.storyboard */ = {
			isa = PBXVariantGroup;
			children = (
				BD5CC011286B8FBC00FE7575 /* Base */,
			);
			name = Main.storyboard;
			sourceTree = "<group>";
		};
		BD5CC018286B8FBD00FE7575 /* LaunchScreen.storyboard */ = {
			isa = PBXVariantGroup;
			children = (
				BD5CC019286B8FBD00FE7575 /* Base */,
			);
			name = LaunchScreen.storyboard;
			sourceTree = "<group>";
		};
/* End PBXVariantGroup section */

/* Begin XCBuildConfiguration section */
		BD5CC01C286B8FBD00FE7575 /* Debug */ = {
			isa = XCBuildConfiguration;
			buildSettings = {
				ALWAYS_SEARCH_USER_PATHS = NO;
				CLANG_ANALYZER_NONNULL = YES;
				CLANG_ANALYZER_NUMBER_OBJECT_CONVERSION = YES_AGGRESSIVE;
				CLANG_CXX_LANGUAGE_STANDARD = "gnu++17";
				CLANG_ENABLE_MODULES = YES;
				CLANG_ENABLE_OBJC_ARC = YES;
				CLANG_ENABLE_OBJC_WEAK = YES;
				CLANG_WARN_BLOCK_CAPTURE_AUTORELEASING = YES;
				CLANG_WARN_BOOL_CONVERSION = YES;
				CLANG_WARN_COMMA = YES;
				CLANG_WARN_CONSTANT_CONVERSION = YES;
				CLANG_WARN_DEPRECATED_OBJC_IMPLEMENTATIONS = YES;
				CLANG_WARN_DIRECT_OBJC_ISA_USAGE = YES_ERROR;
				CLANG_WARN_DOCUMENTATION_COMMENTS = YES;
				CLANG_WARN_EMPTY_BODY = YES;
				CLANG_WARN_ENUM_CONVERSION = YES;
				CLANG_WARN_INFINITE_RECURSION = YES;
				CLANG_WARN_INT_CONVERSION = YES;
				CLANG_WARN_NON_LITERAL_NULL_CONVERSION = YES;
				CLANG_WARN_OBJC_IMPLICIT_RETAIN_SELF = YES;
				CLANG_WARN_OBJC_LITERAL_CONVERSION = YES;
				CLANG_WARN_OBJC_ROOT_CLASS = YES_ERROR;
				CLANG_WARN_QUOTED_INCLUDE_IN_FRAMEWORK_HEADER = YES;
				CLANG_WARN_RANGE_LOOP_ANALYSIS = YES;
				CLANG_WARN_STRICT_PROTOTYPES = YES;
				CLANG_WARN_SUSPICIOUS_MOVE = YES;
				CLANG_WARN_UNGUARDED_AVAILABILITY = YES_AGGRESSIVE;
				CLANG_WARN_UNREACHABLE_CODE = YES;
				CLANG_WARN__DUPLICATE_METHOD_MATCH = YES;
				COPY_PHASE_STRIP = NO;
				DEBUG_INFORMATION_FORMAT = dwarf;
				ENABLE_STRICT_OBJC_MSGSEND = YES;
				ENABLE_TESTABILITY = YES;
				GCC_C_LANGUAGE_STANDARD = gnu11;
				GCC_DYNAMIC_NO_PIC = NO;
				GCC_NO_COMMON_BLOCKS = YES;
				GCC_OPTIMIZATION_LEVEL = 0;
				GCC_PREPROCESSOR_DEFINITIONS = (
					"DEBUG=1",
					"$(inherited)",
				);
				GCC_WARN_64_TO_32_BIT_CONVERSION = YES;
				GCC_WARN_ABOUT_RETURN_TYPE = YES_ERROR;
				GCC_WARN_UNDECLARED_SELECTOR = YES;
				GCC_WARN_UNINITIALIZED_AUTOS = YES_AGGRESSIVE;
				GCC_WARN_UNUSED_FUNCTION = YES;
				GCC_WARN_UNUSED_VARIABLE = YES;
				IPHONEOS_DEPLOYMENT_TARGET = 15.5;
				MTL_ENABLE_DEBUG_INFO = INCLUDE_SOURCE;
				MTL_FAST_MATH = YES;
				ONLY_ACTIVE_ARCH = YES;
				SDKROOT = iphoneos;
				SWIFT_ACTIVE_COMPILATION_CONDITIONS = DEBUG;
				SWIFT_OPTIMIZATION_LEVEL = "-Onone";
			};
			name = Debug;
		};
		BD5CC01D286B8FBD00FE7575 /* Release */ = {
			isa = XCBuildConfiguration;
			buildSettings = {
				ALWAYS_SEARCH_USER_PATHS = NO;
				CLANG_ANALYZER_NONNULL = YES;
				CLANG_ANALYZER_NUMBER_OBJECT_CONVERSION = YES_AGGRESSIVE;
				CLANG_CXX_LANGUAGE_STANDARD = "gnu++17";
				CLANG_ENABLE_MODULES = YES;
				CLANG_ENABLE_OBJC_ARC = YES;
				CLANG_ENABLE_OBJC_WEAK = YES;
				CLANG_WARN_BLOCK_CAPTURE_AUTORELEASING = YES;
				CLANG_WARN_BOOL_CONVERSION = YES;
				CLANG_WARN_COMMA = YES;
				CLANG_WARN_CONSTANT_CONVERSION = YES;
				CLANG_WARN_DEPRECATED_OBJC_IMPLEMENTATIONS = YES;
				CLANG_WARN_DIRECT_OBJC_ISA_USAGE = YES_ERROR;
				CLANG_WARN_DOCUMENTATION_COMMENTS = YES;
				CLANG_WARN_EMPTY_BODY = YES;
				CLANG_WARN_ENUM_CONVERSION = YES;
				CLANG_WARN_INFINITE_RECURSION = YES;
				CLANG_WARN_INT_CONVERSION = YES;
				CLANG_WARN_NON_LITERAL_NULL_CONVERSION = YES;
				CLANG_WARN_OBJC_IMPLICIT_RETAIN_SELF = YES;
				CLANG_WARN_OBJC_LITERAL_CONVERSION = YES;
				CLANG_WARN_OBJC_ROOT_CLASS = YES_ERROR;
				CLANG_WARN_QUOTED_INCLUDE_IN_FRAMEWORK_HEADER = YES;
				CLANG_WARN_RANGE_LOOP_ANALYSIS = YES;
				CLANG_WARN_STRICT_PROTOTYPES = YES;
				CLANG_WARN_SUSPICIOUS_MOVE = YES;
				CLANG_WARN_UNGUARDED_AVAILABILITY = YES_AGGRESSIVE;
				CLANG_WARN_UNREACHABLE_CODE = YES;
				CLANG_WARN__DUPLICATE_METHOD_MATCH = YES;
				COPY_PHASE_STRIP = NO;
				DEBUG_INFORMATION_FORMAT = "dwarf-with-dsym";
				ENABLE_NS_ASSERTIONS = NO;
				ENABLE_STRICT_OBJC_MSGSEND = YES;
				GCC_C_LANGUAGE_STANDARD = gnu11;
				GCC_NO_COMMON_BLOCKS = YES;
				GCC_WARN_64_TO_32_BIT_CONVERSION = YES;
				GCC_WARN_ABOUT_RETURN_TYPE = YES_ERROR;
				GCC_WARN_UNDECLARED_SELECTOR = YES;
				GCC_WARN_UNINITIALIZED_AUTOS = YES_AGGRESSIVE;
				GCC_WARN_UNUSED_FUNCTION = YES;
				GCC_WARN_UNUSED_VARIABLE = YES;
				IPHONEOS_DEPLOYMENT_TARGET = 15.5;
				MTL_ENABLE_DEBUG_INFO = NO;
				MTL_FAST_MATH = YES;
				SDKROOT = iphoneos;
				SWIFT_COMPILATION_MODE = wholemodule;
				SWIFT_OPTIMIZATION_LEVEL = "-O";
				VALIDATE_PRODUCT = YES;
			};
			name = Release;
		};
		BD5CC01F286B8FBD00FE7575 /* Debug */ = {
			isa = XCBuildConfiguration;
			buildSettings = {
				ASSETCATALOG_COMPILER_APPICON_NAME = AppIcon;
				ASSETCATALOG_COMPILER_GLOBAL_ACCENT_COLOR_NAME = AccentColor;
				CODE_SIGN_STYLE = Automatic;
				CURRENT_PROJECT_VERSION = 1;
				GENERATE_INFOPLIST_FILE = YES;
				INFOPLIST_FILE = empowerHour/Info.plist;
				INFOPLIST_KEY_CFBundleDisplayName = "Empower Hour";
				INFOPLIST_KEY_UIApplicationSupportsIndirectInputEvents = YES;
				INFOPLIST_KEY_UILaunchStoryboardName = LaunchScreen;
				INFOPLIST_KEY_UIMainStoryboardFile = Main;
				INFOPLIST_KEY_UISupportedInterfaceOrientations_iPad = "UIInterfaceOrientationPortrait UIInterfaceOrientationPortraitUpsideDown UIInterfaceOrientationLandscapeLeft UIInterfaceOrientationLandscapeRight";
				INFOPLIST_KEY_UISupportedInterfaceOrientations_iPhone = "UIInterfaceOrientationPortrait UIInterfaceOrientationLandscapeLeft UIInterfaceOrientationLandscapeRight";
				LD_RUNPATH_SEARCH_PATHS = (
					"$(inherited)",
					"@executable_path/Frameworks",
				);
				MARKETING_VERSION = 1.0;
				PRODUCT_BUNDLE_IDENTIFIER = KWK.empowerHour;
				PRODUCT_NAME = "$(TARGET_NAME)";
				SWIFT_EMIT_LOC_STRINGS = YES;
				SWIFT_VERSION = 5.0;
				TARGETED_DEVICE_FAMILY = "1,2";
			};
			name = Debug;
		};
		BD5CC020286B8FBD00FE7575 /* Release */ = {
			isa = XCBuildConfiguration;
			buildSettings = {
				ASSETCATALOG_COMPILER_APPICON_NAME = AppIcon;
				ASSETCATALOG_COMPILER_GLOBAL_ACCENT_COLOR_NAME = AccentColor;
				CODE_SIGN_STYLE = Automatic;
				CURRENT_PROJECT_VERSION = 1;
				GENERATE_INFOPLIST_FILE = YES;
				INFOPLIST_FILE = empowerHour/Info.plist;
				INFOPLIST_KEY_CFBundleDisplayName = "Empower Hour";
				INFOPLIST_KEY_UIApplicationSupportsIndirectInputEvents = YES;
				INFOPLIST_KEY_UILaunchStoryboardName = LaunchScreen;
				INFOPLIST_KEY_UIMainStoryboardFile = Main;
				INFOPLIST_KEY_UISupportedInterfaceOrientations_iPad = "UIInterfaceOrientationPortrait UIInterfaceOrientationPortraitUpsideDown UIInterfaceOrientationLandscapeLeft UIInterfaceOrientationLandscapeRight";
				INFOPLIST_KEY_UISupportedInterfaceOrientations_iPhone = "UIInterfaceOrientationPortrait UIInterfaceOrientationLandscapeLeft UIInterfaceOrientationLandscapeRight";
				LD_RUNPATH_SEARCH_PATHS = (
					"$(inherited)",
					"@executable_path/Frameworks",
				);
				MARKETING_VERSION = 1.0;
				PRODUCT_BUNDLE_IDENTIFIER = KWK.empowerHour;
				PRODUCT_NAME = "$(TARGET_NAME)";
				SWIFT_EMIT_LOC_STRINGS = YES;
				SWIFT_VERSION = 5.0;
				TARGETED_DEVICE_FAMILY = "1,2";
			};
			name = Release;
		};
/* End XCBuildConfiguration section */

/* Begin XCConfigurationList section */
		BD5CC002286B8FBC00FE7575 /* Build configuration list for PBXProject "empowerHour" */ = {
			isa = XCConfigurationList;
			buildConfigurations = (
				BD5CC01C286B8FBD00FE7575 /* Debug */,
				BD5CC01D286B8FBD00FE7575 /* Release */,
			);
			defaultConfigurationIsVisible = 0;
			defaultConfigurationName = Release;
		};
		BD5CC01E286B8FBD00FE7575 /* Build configuration list for PBXNativeTarget "empowerHour" */ = {
			isa = XCConfigurationList;
			buildConfigurations = (
				BD5CC01F286B8FBD00FE7575 /* Debug */,
				BD5CC020286B8FBD00FE7575 /* Release */,
			);
			defaultConfigurationIsVisible = 0;
			defaultConfigurationName = Release;
		};
/* End XCConfigurationList section */

/* Begin XCVersionGroup section */
		BD5CC013286B8FBC00FE7575 /* empowerHour.xcdatamodeld */ = {
			isa = XCVersionGroup;
			children = (
				BD5CC014286B8FBC00FE7575 /* empowerHour.xcdatamodel */,
			);
			currentVersion = BD5CC014286B8FBC00FE7575 /* empowerHour.xcdatamodel */;
			path = empowerHour.xcdatamodeld;
			sourceTree = "<group>";
			versionGroupType = wrapper.xcdatamodel;
		};
/* End XCVersionGroup section */
	};
	rootObject = BD5CBFFF286B8FBC00FE7575 /* Project object */;
}
